
Microsoft Visual Studio Solution File, Format Version 12.00
# Visual Studio 14
MinimumVisualStudioVersion = 10.0.40219.1
Project("{8BC9CEB8-8B4A-11D0-8D11-00A0C91BC942}") = "native_lib", "native_lib.vcxproj", "{6E617469-7665-5F6C-6962-000000000000}"
EndProject
Project("{39E2626F-3545-4960-A6E8-258AD8476CE5}") = "JavaApp", "JavaApp.androidproj", "{4A617661-4170-7000-0000-000000000000}"
EndProject
Global
	GlobalSection(SolutionConfigurationPlatforms) = preSolution
		Debug|ARM = Debug|ARM
		Debug|ARM64 = Debug|ARM64
		Debug|x64 = Debug|x64
		Debug|x86 = Debug|x86
		Release|ARM = Release|ARM
		Release|ARM64 = Release|ARM64
		Release|x64 = Release|x64
		Release|x86 = Release|x86
	EndGlobalSection
	GlobalSection(ProjectConfigurationPlatforms) = postSolution
		{6E617469-7665-5F6C-6962-000000000000}.Debug|ARM.ActiveCfg = Debug|ARM
		{6E617469-7665-5F6C-6962-000000000000}.Debug|ARM.Build.0 = Debug|ARM
		{6E617469-7665-5F6C-6962-000000000000}.Debug|ARM64.ActiveCfg = Debug|ARM64
		{6E617469-7665-5F6C-6962-000000000000}.Debug|ARM64.Build.0 = Debug|ARM64
		{6E617469-7665-5F6C-6962-000000000000}.Debug|x64.ActiveCfg = Debug|x64
		{6E617469-7665-5F6C-6962-000000000000}.Debug|x64.Build.0 = Debug|x64
		{6E617469-7665-5F6C-6962-000000000000}.Debug|x86.ActiveCfg = Debug|x86
		{6E617469-7665-5F6C-6962-000000000000}.Debug|x86.Build.0 = Debug|x86
		{6E617469-7665-5F6C-6962-000000000000}.Release|ARM.ActiveCfg = Release|ARM
		{6E617469-7665-5F6C-6962-000000000000}.Release|ARM.Build.0 = Release|ARM
		{6E617469-7665-5F6C-6962-000000000000}.Release|ARM64.ActiveCfg = Release|ARM64
		{6E617469-7665-5F6C-6962-000000000000}.Release|ARM64.Build.0 = Release|ARM64
		{6E617469-7665-5F6C-6962-000000000000}.Release|x64.ActiveCfg = Release|x64
		{6E617469-7665-5F6C-6962-000000000000}.Release|x64.Build.0 = Release|x64
		{6E617469-7665-5F6C-6962-000000000000}.Release|x86.ActiveCfg = Release|x86
		{6E617469-7665-5F6C-6962-000000000000}.Release|x86.Build.0 = Release|x86
		{4A617661-4170-7000-0000-000000000000}.Debug|ARM.ActiveCfg = Debug|ARM
		{4A617661-4170-7000-0000-000000000000}.Debug|ARM.Build.0 = Debug|ARM
		{4A617661-4170-7000-0000-000000000000}.Debug|ARM.Deploy.0 = Debug|ARM
		{4A617661-4170-7000-0000-000000000000}.Debug|ARM64.ActiveCfg = Debug|ARM64
		{4A617661-4170-7000-0000-000000000000}.Debug|ARM64.Build.0 = Debug|ARM64
		{4A617661-4170-7000-0000-000000000000}.Debug|ARM64.Deploy.0 = Debug|ARM64
		{4A617661-4170-7000-0000-000000000000}.Debug|x64.ActiveCfg = Debug|x64
		{4A617661-4170-7000-0000-000000000000}.Debug|x64.Build.0 = Debug|x64
		{4A617661-4170-7000-0000-000000000000}.Debug|x64.Deploy.0 = Debug|x64
		{4A617661-4170-7000-0000-000000000000}.Debug|x86.ActiveCfg = Debug|x86
		{4A617661-4170-7000-0000-000000000000}.Debug|x86.Build.0 = Debug|x86
		{4A617661-4170-7000-0000-000000000000}.Debug|x86.Deploy.0 = Debug|x86
		{4A617661-4170-7000-0000-000000000000}.Release|ARM.ActiveCfg = Release|ARM
		{4A617661-4170-7000-0000-000000000000}.Release|ARM.Build.0 = Release|ARM
		{4A617661-4170-7000-0000-000000000000}.Release|ARM.Deploy.0 = Release|ARM
		{4A617661-4170-7000-0000-000000000000}.Release|ARM64.ActiveCfg = Release|ARM64
		{4A617661-4170-7000-0000-000000000000}.Release|ARM64.Build.0 = Release|ARM64
		{4A617661-4170-7000-0000-000000000000}.Release|ARM64.Deploy.0 = Release|ARM64
		{4A617661-4170-7000-0000-000000000000}.Release|x64.ActiveCfg = Release|x64
		{4A617661-4170-7000-0000-000000000000}.Release|x64.Build.0 = Release|x64
		{4A617661-4170-7000-0000-000000000000}.Release|x64.Deploy.0 = Release|x64
		{4A617661-4170-7000-0000-000000000000}.Release|x86.ActiveCfg = Release|x86
		{4A617661-4170-7000-0000-000000000000}.Release|x86.Build.0 = Release|x86
		{4A617661-4170-7000-0000-000000000000}.Release|x86.Deploy.0 = Release|x86
	EndGlobalSection
	GlobalSection(SolutionProperties) = preSolution
		HideSolutionNode = FALSE
	EndGlobalSection
	GlobalSection(NestedProjects) = preSolution
	EndGlobalSection
EndGlobal
